
Microsoft Visual Studio Solution File, Format Version 12.00
# Visual Studio Version 17
VisualStudioVersion = 17.3.32825.248
MinimumVisualStudioVersion = 10.0.40219.1
Project("{888888A0-9F3D-457C-B088-3A5042F75D52}") = "PythonTask2-7", "PythonTask2-7\PythonTask2-7.pyproj", "{94E6D9CF-A58D-4F54-8E9C-655AF8EE1948}"
EndProject
Global
	GlobalSection(SolutionConfigurationPlatforms) = preSolution
		Debug|Any CPU = Debug|Any CPU
		Release|Any CPU = Release|Any CPU
	EndGlobalSection
	GlobalSection(ProjectConfigurationPlatforms) = postSolution
		{94E6D9CF-A58D-4F54-8E9C-655AF8EE1948}.Debug|Any CPU.ActiveCfg = Debug|Any CPU
		{94E6D9CF-A58D-4F54-8E9C-655AF8EE1948}.Release|Any CPU.ActiveCfg = Release|Any CPU
	EndGlobalSection
	GlobalSection(SolutionProperties) = preSolution
		HideSolutionNode = FALSE
	EndGlobalSection
	GlobalSection(ExtensibilityGlobals) = postSolution
		SolutionGuid = {34F0C365-005F-4721-8F25-DF4C9629F87A}
	EndGlobalSection
EndGlobal
