
Microsoft Visual Studio Solution File, Format Version 12.00
# Visual Studio Version 17
VisualStudioVersion = 17.3.32825.248
MinimumVisualStudioVersion = 10.0.40219.1
Project("{888888A0-9F3D-457C-B088-3A5042F75D52}") = "PythonTask2-8", "PythonTask2-8\PythonTask2-8.pyproj", "{9865AF01-2B0D-4D4C-B0CE-9A4356C930A0}"
EndProject
Global
	GlobalSection(SolutionConfigurationPlatforms) = preSolution
		Debug|Any CPU = Debug|Any CPU
		Release|Any CPU = Release|Any CPU
	EndGlobalSection
	GlobalSection(ProjectConfigurationPlatforms) = postSolution
		{9865AF01-2B0D-4D4C-B0CE-9A4356C930A0}.Debug|Any CPU.ActiveCfg = Debug|Any CPU
		{9865AF01-2B0D-4D4C-B0CE-9A4356C930A0}.Release|Any CPU.ActiveCfg = Release|Any CPU
	EndGlobalSection
	GlobalSection(SolutionProperties) = preSolution
		HideSolutionNode = FALSE
	EndGlobalSection
	GlobalSection(ExtensibilityGlobals) = postSolution
		SolutionGuid = {55F759DD-A433-469D-AC4E-FF498BA8A8B5}
	EndGlobalSection
EndGlobal
