
Microsoft Visual Studio Solution File, Format Version 12.00
# Visual Studio Version 17
VisualStudioVersion = 17.3.32825.248
MinimumVisualStudioVersion = 10.0.40219.1
Project("{888888A0-9F3D-457C-B088-3A5042F75D52}") = "PythonTask3-1", "PythonTask3-1\PythonTask3-1.pyproj", "{D262DB26-235B-4D82-942D-112251C3F642}"
EndProject
Global
	GlobalSection(SolutionConfigurationPlatforms) = preSolution
		Debug|Any CPU = Debug|Any CPU
		Release|Any CPU = Release|Any CPU
	EndGlobalSection
	GlobalSection(ProjectConfigurationPlatforms) = postSolution
		{D262DB26-235B-4D82-942D-112251C3F642}.Debug|Any CPU.ActiveCfg = Debug|Any CPU
		{D262DB26-235B-4D82-942D-112251C3F642}.Release|Any CPU.ActiveCfg = Release|Any CPU
	EndGlobalSection
	GlobalSection(SolutionProperties) = preSolution
		HideSolutionNode = FALSE
	EndGlobalSection
	GlobalSection(ExtensibilityGlobals) = postSolution
		SolutionGuid = {EC830C75-2458-4D71-8B56-5726F4A07A69}
	EndGlobalSection
EndGlobal
