
Microsoft Visual Studio Solution File, Format Version 12.00
# Visual Studio Version 17
VisualStudioVersion = 17.3.32825.248
MinimumVisualStudioVersion = 10.0.40219.1
Project("{888888A0-9F3D-457C-B088-3A5042F75D52}") = "PythonTask4-4", "PythonTask4-4\PythonTask4-4.pyproj", "{032A767B-D839-46A1-8386-294BA9BCECFC}"
EndProject
Global
	GlobalSection(SolutionConfigurationPlatforms) = preSolution
		Debug|Any CPU = Debug|Any CPU
		Release|Any CPU = Release|Any CPU
	EndGlobalSection
	GlobalSection(ProjectConfigurationPlatforms) = postSolution
		{032A767B-D839-46A1-8386-294BA9BCECFC}.Debug|Any CPU.ActiveCfg = Debug|Any CPU
		{032A767B-D839-46A1-8386-294BA9BCECFC}.Release|Any CPU.ActiveCfg = Release|Any CPU
	EndGlobalSection
	GlobalSection(SolutionProperties) = preSolution
		HideSolutionNode = FALSE
	EndGlobalSection
	GlobalSection(ExtensibilityGlobals) = postSolution
		SolutionGuid = {10B2E9A8-F57E-41C6-A7AB-6B4AA12FAF25}
	EndGlobalSection
EndGlobal
