
Microsoft Visual Studio Solution File, Format Version 12.00
# Visual Studio Version 17
VisualStudioVersion = 17.3.32825.248
MinimumVisualStudioVersion = 10.0.40219.1
Project("{888888A0-9F3D-457C-B088-3A5042F75D52}") = "PythonTask3-2", "PythonTask3-2\PythonTask3-2.pyproj", "{1C7AF0A5-6F58-4836-8773-D38B17A90B09}"
EndProject
Global
	GlobalSection(SolutionConfigurationPlatforms) = preSolution
		Debug|Any CPU = Debug|Any CPU
		Release|Any CPU = Release|Any CPU
	EndGlobalSection
	GlobalSection(ProjectConfigurationPlatforms) = postSolution
		{1C7AF0A5-6F58-4836-8773-D38B17A90B09}.Debug|Any CPU.ActiveCfg = Debug|Any CPU
		{1C7AF0A5-6F58-4836-8773-D38B17A90B09}.Release|Any CPU.ActiveCfg = Release|Any CPU
	EndGlobalSection
	GlobalSection(SolutionProperties) = preSolution
		HideSolutionNode = FALSE
	EndGlobalSection
	GlobalSection(ExtensibilityGlobals) = postSolution
		SolutionGuid = {5775601B-DA43-4DDC-B4BB-7A26EF1ED527}
	EndGlobalSection
EndGlobal
