
Microsoft Visual Studio Solution File, Format Version 12.00
# Visual Studio Version 17
VisualStudioVersion = 17.3.32825.248
MinimumVisualStudioVersion = 10.0.40219.1
Project("{888888A0-9F3D-457C-B088-3A5042F75D52}") = "PythonTask2-2", "PythonTask2-2\PythonTask2-2.pyproj", "{5AFB23BA-7539-41B9-BA5E-1CD6FD14EF8A}"
EndProject
Global
	GlobalSection(SolutionConfigurationPlatforms) = preSolution
		Debug|Any CPU = Debug|Any CPU
		Release|Any CPU = Release|Any CPU
	EndGlobalSection
	GlobalSection(ProjectConfigurationPlatforms) = postSolution
		{5AFB23BA-7539-41B9-BA5E-1CD6FD14EF8A}.Debug|Any CPU.ActiveCfg = Debug|Any CPU
		{5AFB23BA-7539-41B9-BA5E-1CD6FD14EF8A}.Release|Any CPU.ActiveCfg = Release|Any CPU
	EndGlobalSection
	GlobalSection(SolutionProperties) = preSolution
		HideSolutionNode = FALSE
	EndGlobalSection
	GlobalSection(ExtensibilityGlobals) = postSolution
		SolutionGuid = {8290724D-EEB5-4826-81F0-C3CB009F2C58}
	EndGlobalSection
EndGlobal
